uuid: cc1d6fb4-2edd-4140-9979-5d5ca1ad9ca6
langcode: en
status: true
dependencies:
  config:
    - contact.form.customer_service
  module:
    - contact_block
    - system
  theme:
    - transit
id: contactblock
theme: transit
region: sidebar_second
weight: -48
provider: null
plugin: contact_block
settings:
  id: contact_block
  label: 'Contact Us'
  label_display: visible
  provider: contact_block
  contact_form: customer_service
  form_display: default
visibility:
  request_path:
    id: request_path
    negate: false
    context_mapping: {  }
    pages: /customer-service
